
Microsoft Visual Studio Solution File, Format Version 12.00
# Visual Studio Version 17
VisualStudioVersion = 17.7.34003.232
MinimumVisualStudioVersion = 10.0.40219.1
Project("{9A19103F-16F7-4668-BE54-9A1E7A4F7556}") = "ExtractArchiveCs", "ExtractArchiveCs\ExtractArchiveCs.csproj", "{6732DA48-ABF2-43CA-A94B-C8784A475923}"
EndProject
Project("{FAE04EC0-301F-11D3-BF4B-00C04F79EFBC}") = "ConvertIt2", "ConvertIt2\ConvertIt2.csproj", "{74E9B431-FC45-4D8F-9460-6FCFBCBB4F9B}"
EndProject
Global
	GlobalSection(SolutionConfigurationPlatforms) = preSolution
		Debug|Any CPU = Debug|Any CPU
		Debug|x64 = Debug|x64
		Debug|x86 = Debug|x86
		Release|Any CPU = Release|Any CPU
		Release|x64 = Release|x64
		Release|x86 = Release|x86
	EndGlobalSection
	GlobalSection(ProjectConfigurationPlatforms) = postSolution
		{6732DA48-ABF2-43CA-A94B-C8784A475923}.Debug|Any CPU.ActiveCfg = Debug|Any CPU
		{6732DA48-ABF2-43CA-A94B-C8784A475923}.Debug|Any CPU.Build.0 = Debug|Any CPU
		{6732DA48-ABF2-43CA-A94B-C8784A475923}.Debug|x64.ActiveCfg = Debug|Any CPU
		{6732DA48-ABF2-43CA-A94B-C8784A475923}.Debug|x64.Build.0 = Debug|Any CPU
		{6732DA48-ABF2-43CA-A94B-C8784A475923}.Debug|x86.ActiveCfg = Debug|Any CPU
		{6732DA48-ABF2-43CA-A94B-C8784A475923}.Debug|x86.Build.0 = Debug|Any CPU
		{6732DA48-ABF2-43CA-A94B-C8784A475923}.Release|Any CPU.ActiveCfg = Release|Any CPU
		{6732DA48-ABF2-43CA-A94B-C8784A475923}.Release|Any CPU.Build.0 = Release|Any CPU
		{6732DA48-ABF2-43CA-A94B-C8784A475923}.Release|x64.ActiveCfg = Release|Any CPU
		{6732DA48-ABF2-43CA-A94B-C8784A475923}.Release|x64.Build.0 = Release|Any CPU
		{6732DA48-ABF2-43CA-A94B-C8784A475923}.Release|x86.ActiveCfg = Release|Any CPU
		{6732DA48-ABF2-43CA-A94B-C8784A475923}.Release|x86.Build.0 = Release|Any CPU
		{74E9B431-FC45-4D8F-9460-6FCFBCBB4F9B}.Debug|Any CPU.ActiveCfg = Debug|Any CPU
		{74E9B431-FC45-4D8F-9460-6FCFBCBB4F9B}.Debug|Any CPU.Build.0 = Debug|Any CPU
		{74E9B431-FC45-4D8F-9460-6FCFBCBB4F9B}.Debug|x64.ActiveCfg = Debug|Any CPU
		{74E9B431-FC45-4D8F-9460-6FCFBCBB4F9B}.Debug|x64.Build.0 = Debug|Any CPU
		{74E9B431-FC45-4D8F-9460-6FCFBCBB4F9B}.Debug|x86.ActiveCfg = Debug|Any CPU
		{74E9B431-FC45-4D8F-9460-6FCFBCBB4F9B}.Debug|x86.Build.0 = Debug|Any CPU
		{74E9B431-FC45-4D8F-9460-6FCFBCBB4F9B}.Release|Any CPU.ActiveCfg = Release|Any CPU
		{74E9B431-FC45-4D8F-9460-6FCFBCBB4F9B}.Release|Any CPU.Build.0 = Release|Any CPU
		{74E9B431-FC45-4D8F-9460-6FCFBCBB4F9B}.Release|x64.ActiveCfg = Release|Any CPU
		{74E9B431-FC45-4D8F-9460-6FCFBCBB4F9B}.Release|x64.Build.0 = Release|Any CPU
		{74E9B431-FC45-4D8F-9460-6FCFBCBB4F9B}.Release|x86.ActiveCfg = Release|Any CPU
		{74E9B431-FC45-4D8F-9460-6FCFBCBB4F9B}.Release|x86.Build.0 = Release|Any CPU
	EndGlobalSection
	GlobalSection(SolutionProperties) = preSolution
		HideSolutionNode = FALSE
	EndGlobalSection
	GlobalSection(ExtensibilityGlobals) = postSolution
		SolutionGuid = {57F2D27E-BA3A-473E-8157-969CE97F2304}
	EndGlobalSection
EndGlobal
